
Microsoft Visual Studio Solution File, Format Version 12.00
# Visual Studio Version 17
VisualStudioVersion = 17.8.34330.188
MinimumVisualStudioVersion = 10.0.40219.1
Project("{9A19103F-16F7-4668-BE54-9A1E7A4F7556}") = "FinanceApp", "FinanceApp\FinanceApp.csproj", "{5481212A-A7D9-40C5-A02D-A515061A68DC}"
EndProject
Global
	GlobalSection(SolutionConfigurationPlatforms) = preSolution
		Debug|Any CPU = Debug|Any CPU
		Release|Any CPU = Release|Any CPU
	EndGlobalSection
	GlobalSection(ProjectConfigurationPlatforms) = postSolution
		{5481212A-A7D9-40C5-A02D-A515061A68DC}.Debug|Any CPU.ActiveCfg = Debug|Any CPU
		{5481212A-A7D9-40C5-A02D-A515061A68DC}.Debug|Any CPU.Build.0 = Debug|Any CPU
		{5481212A-A7D9-40C5-A02D-A515061A68DC}.Release|Any CPU.ActiveCfg = Release|Any CPU
		{5481212A-A7D9-40C5-A02D-A515061A68DC}.Release|Any CPU.Build.0 = Release|Any CPU
	EndGlobalSection
	GlobalSection(SolutionProperties) = preSolution
		HideSolutionNode = FALSE
	EndGlobalSection
	GlobalSection(ExtensibilityGlobals) = postSolution
		SolutionGuid = {B854AD25-75E0-4F79-A007-774A5F7F9BAC}
	EndGlobalSection
EndGlobal
